// !$*UTF8*$!
{
	archiveVersion = 1;
	classes = {
	};
	objectVersion = 46;
	objects = {

/* Begin PBXBuildFile section */
		0100A32B1E84C323004E37B3 /* TweetsTableViewController.swift in Sources */ = {isa = PBXBuildFile; fileRef = 0100A32A1E84C323004E37B3 /* TweetsTableViewController.swift */; };
		0104E07D1E82E0BF00D36E6A /* AppDelegate.swift in Sources */ = {isa = PBXBuildFile; fileRef = 0104E07C1E82E0BF00D36E6A /* AppDelegate.swift */; };
		0104E0821E82E0BF00D36E6A /* Main.storyboard in Resources */ = {isa = PBXBuildFile; fileRef = 0104E0801E82E0BF00D36E6A /* Main.storyboard */; };
		0104E0841E82E0BF00D36E6A /* Assets.xcassets in Resources */ = {isa = PBXBuildFile; fileRef = 0104E0831E82E0BF00D36E6A /* Assets.xcassets */; };
		0104E0871E82E0BF00D36E6A /* LaunchScreen.storyboard in Resources */ = {isa = PBXBuildFile; fileRef = 0104E0851E82E0BF00D36E6A /* LaunchScreen.storyboard */; };
		0109BC391E8C63990074C61C /* Tweet.swift in Sources */ = {isa = PBXBuildFile; fileRef = 0109BC381E8C63990074C61C /* Tweet.swift */; };
		0109BC531E8C64130074C61C /* Alamofire.framework in Frameworks */ = {isa = PBXBuildFile; fileRef = 0109BC461E8C63F80074C61C /* Alamofire.framework */; };
		0109BC541E8C64130074C61C /* Alamofire.framework in Embed Frameworks */ = {isa = PBXBuildFile; fileRef = 0109BC461E8C63F80074C61C /* Alamofire.framework */; settings = {ATTRIBUTES = (CodeSignOnCopy, RemoveHeadersOnCopy, ); }; };
		018623871E8C65AD000E3F6A /* AddTweetTableViewController.swift in Sources */ = {isa = PBXBuildFile; fileRef = 018623861E8C65AD000E3F6A /* AddTweetTableViewController.swift */; };
/* End PBXBuildFile section */

/* Begin PBXContainerItemProxy section */
		0109BC451E8C63F80074C61C /* PBXContainerItemProxy */ = {
			isa = PBXContainerItemProxy;
			containerPortal = 0109BC3A1E8C63F80074C61C /* Alamofire.xcodeproj */;
			proxyType = 2;
			remoteGlobalIDString = F8111E3319A95C8B0040E7D1;
			remoteInfo = "Alamofire iOS";
		};
		0109BC471E8C63F80074C61C /* PBXContainerItemProxy */ = {
			isa = PBXContainerItemProxy;
			containerPortal = 0109BC3A1E8C63F80074C61C /* Alamofire.xcodeproj */;
			proxyType = 2;
			remoteGlobalIDString = F8111E3E19A95C8B0040E7D1;
			remoteInfo = "Alamofire iOS Tests";
		};
		0109BC491E8C63F80074C61C /* PBXContainerItemProxy */ = {
			isa = PBXContainerItemProxy;
			containerPortal = 0109BC3A1E8C63F80074C61C /* Alamofire.xcodeproj */;
			proxyType = 2;
			remoteGlobalIDString = 4DD67C0B1A5C55C900ED2280;
			remoteInfo = "Alamofire macOS";
		};
		0109BC4B1E8C63F80074C61C /* PBXContainerItemProxy */ = {
			isa = PBXContainerItemProxy;
			containerPortal = 0109BC3A1E8C63F80074C61C /* Alamofire.xcodeproj */;
			proxyType = 2;
			remoteGlobalIDString = F829C6B21A7A94F100A2CD59;
			remoteInfo = "Alamofire macOS Tests";
		};
		0109BC4D1E8C63F80074C61C /* PBXContainerItemProxy */ = {
			isa = PBXContainerItemProxy;
			containerPortal = 0109BC3A1E8C63F80074C61C /* Alamofire.xcodeproj */;
			proxyType = 2;
			remoteGlobalIDString = 4CF626EF1BA7CB3E0011A099;
			remoteInfo = "Alamofire tvOS";
		};
		0109BC4F1E8C63F80074C61C /* PBXContainerItemProxy */ = {
			isa = PBXContainerItemProxy;
			containerPortal = 0109BC3A1E8C63F80074C61C /* Alamofire.xcodeproj */;
			proxyType = 2;
			remoteGlobalIDString = 4CF626F81BA7CB3E0011A099;
			remoteInfo = "Alamofire tvOS Tests";
		};
		0109BC511E8C63F80074C61C /* PBXContainerItemProxy */ = {
			isa = PBXContainerItemProxy;
			containerPortal = 0109BC3A1E8C63F80074C61C /* Alamofire.xcodeproj */;
			proxyType = 2;
			remoteGlobalIDString = E4202FE01B667AA100C997FB;
			remoteInfo = "Alamofire watchOS";
		};
		0109BC551E8C64130074C61C /* PBXContainerItemProxy */ = {
			isa = PBXContainerItemProxy;
			containerPortal = 0109BC3A1E8C63F80074C61C /* Alamofire.xcodeproj */;
			proxyType = 1;
			remoteGlobalIDString = F8111E3219A95C8B0040E7D1;
			remoteInfo = "Alamofire iOS";
		};
/* End PBXContainerItemProxy section */

/* Begin PBXCopyFilesBuildPhase section */
		0109BC571E8C64130074C61C /* Embed Frameworks */ = {
			isa = PBXCopyFilesBuildPhase;
			buildActionMask = 2147483647;
			dstPath = "";
			dstSubfolderSpec = 10;
			files = (
				0109BC541E8C64130074C61C /* Alamofire.framework in Embed Frameworks */,
			);
			name = "Embed Frameworks";
			runOnlyForDeploymentPostprocessing = 0;
		};
/* End PBXCopyFilesBuildPhase section */

/* Begin PBXFileReference section */
		0100A32A1E84C323004E37B3 /* TweetsTableViewController.swift */ = {isa = PBXFileReference; fileEncoding = 4; lastKnownFileType = sourcecode.swift; path = TweetsTableViewController.swift; sourceTree = "<group>"; };
		0104E0791E82E0BF00D36E6A /* WSUV-Twitter.app */ = {isa = PBXFileReference; explicitFileType = wrapper.application; includeInIndex = 0; path = "WSUV-Twitter.app"; sourceTree = BUILT_PRODUCTS_DIR; };
		0104E07C1E82E0BF00D36E6A /* AppDelegate.swift */ = {isa = PBXFileReference; lastKnownFileType = sourcecode.swift; path = AppDelegate.swift; sourceTree = "<group>"; };
		0104E0811E82E0BF00D36E6A /* Base */ = {isa = PBXFileReference; lastKnownFileType = file.storyboard; name = Base; path = Base.lproj/Main.storyboard; sourceTree = "<group>"; };
		0104E0831E82E0BF00D36E6A /* Assets.xcassets */ = {isa = PBXFileReference; lastKnownFileType = folder.assetcatalog; path = Assets.xcassets; sourceTree = "<group>"; };
		0104E0861E82E0BF00D36E6A /* Base */ = {isa = PBXFileReference; lastKnownFileType = file.storyboard; name = Base; path = Base.lproj/LaunchScreen.storyboard; sourceTree = "<group>"; };
		0104E0881E82E0BF00D36E6A /* Info.plist */ = {isa = PBXFileReference; lastKnownFileType = text.plist.xml; path = Info.plist; sourceTree = "<group>"; };
		0109BC381E8C63990074C61C /* Tweet.swift */ = {isa = PBXFileReference; fileEncoding = 4; lastKnownFileType = sourcecode.swift; path = Tweet.swift; sourceTree = "<group>"; };
		0109BC3A1E8C63F80074C61C /* Alamofire.xcodeproj */ = {isa = PBXFileReference; lastKnownFileType = "wrapper.pb-project"; name = Alamofire.xcodeproj; path = Alamofire/Alamofire.xcodeproj; sourceTree = "<group>"; };
		018623861E8C65AD000E3F6A /* AddTweetTableViewController.swift */ = {isa = PBXFileReference; fileEncoding = 4; lastKnownFileType = sourcecode.swift; path = AddTweetTableViewController.swift; sourceTree = "<group>"; };
/* End PBXFileReference section */

/* Begin PBXFrameworksBuildPhase section */
		0104E0761E82E0BF00D36E6A /* Frameworks */ = {
			isa = PBXFrameworksBuildPhase;
			buildActionMask = 2147483647;
			files = (
				0109BC531E8C64130074C61C /* Alamofire.framework in Frameworks */,
			);
			runOnlyForDeploymentPostprocessing = 0;
		};
/* End PBXFrameworksBuildPhase section */

/* Begin PBXGroup section */
		0104E0701E82E0BF00D36E6A = {
			isa = PBXGroup;
			children = (
				0109BC3A1E8C63F80074C61C /* Alamofire.xcodeproj */,
				0104E07B1E82E0BF00D36E6A /* WSUV-Twitter */,
				0104E07A1E82E0BF00D36E6A /* Products */,
			);
			sourceTree = "<group>";
		};
		0104E07A1E82E0BF00D36E6A /* Products */ = {
			isa = PBXGroup;
			children = (
				0104E0791E82E0BF00D36E6A /* WSUV-Twitter.app */,
			);
			name = Products;
			sourceTree = "<group>";
		};
		0104E07B1E82E0BF00D36E6A /* WSUV-Twitter */ = {
			isa = PBXGroup;
			children = (
				0109BC381E8C63990074C61C /* Tweet.swift */,
				0104E07C1E82E0BF00D36E6A /* AppDelegate.swift */,
				0104E0801E82E0BF00D36E6A /* Main.storyboard */,
				018623861E8C65AD000E3F6A /* AddTweetTableViewController.swift */,
				0100A32A1E84C323004E37B3 /* TweetsTableViewController.swift */,
				0104E0831E82E0BF00D36E6A /* Assets.xcassets */,
				0104E0851E82E0BF00D36E6A /* LaunchScreen.storyboard */,
				0104E0881E82E0BF00D36E6A /* Info.plist */,
			);
			path = "WSUV-Twitter";
			sourceTree = "<group>";
		};
		0109BC3B1E8C63F80074C61C /* Products */ = {
			isa = PBXGroup;
			children = (
				0109BC461E8C63F80074C61C /* Alamofire.framework */,
				0109BC481E8C63F80074C61C /* Alamofire iOS Tests.xctest */,
				0109BC4A1E8C63F80074C61C /* Alamofire.framework */,
				0109BC4C1E8C63F80074C61C /* Alamofire macOS Tests.xctest */,
				0109BC4E1E8C63F80074C61C /* Alamofire.framework */,
				0109BC501E8C63F80074C61C /* Alamofire tvOS Tests.xctest */,
				0109BC521E8C63F80074C61C /* Alamofire.framework */,
			);
			name = Products;
			sourceTree = "<group>";
		};
/* End PBXGroup section */

/* Begin PBXNativeTarget section */
		0104E0781E82E0BF00D36E6A /* WSUV-Twitter */ = {
			isa = PBXNativeTarget;
			buildConfigurationList = 0104E08B1E82E0BF00D36E6A /* Build configuration list for PBXNativeTarget "WSUV-Twitter" */;
			buildPhases = (
				0104E0751E82E0BF00D36E6A /* Sources */,
				0104E0761E82E0BF00D36E6A /* Frameworks */,
				0104E0771E82E0BF00D36E6A /* Resources */,
				0109BC571E8C64130074C61C /* Embed Frameworks */,
			);
			buildRules = (
			);
			dependencies = (
				0109BC561E8C64130074C61C /* PBXTargetDependency */,
			);
			name = "WSUV-Twitter";
			productName = "WSUV-Twitter";
			productReference = 0104E0791E82E0BF00D36E6A /* WSUV-Twitter.app */;
			productType = "com.apple.product-type.application";
		};
/* End PBXNativeTarget section */

/* Begin PBXProject section */
		0104E0711E82E0BF00D36E6A /* Project object */ = {
			isa = PBXProject;
			attributes = {
				LastSwiftUpdateCheck = 0820;
				LastUpgradeCheck = 0820;
				ORGANIZATIONNAME = edu.wsu.vancouver;
				TargetAttributes = {
					0104E0781E82E0BF00D36E6A = {
						CreatedOnToolsVersion = 8.2.1;
						DevelopmentTeam = 266548894Y;
						ProvisioningStyle = Automatic;
					};
				};
			};
			buildConfigurationList = 0104E0741E82E0BF00D36E6A /* Build configuration list for PBXProject "WSUV-Twitter" */;
			compatibilityVersion = "Xcode 3.2";
			developmentRegion = English;
			hasScannedForEncodings = 0;
			knownRegions = (
				en,
				Base,
			);
			mainGroup = 0104E0701E82E0BF00D36E6A;
			productRefGroup = 0104E07A1E82E0BF00D36E6A /* Products */;
			projectDirPath = "";
			projectReferences = (
				{
					ProductGroup = 0109BC3B1E8C63F80074C61C /* Products */;
					ProjectRef = 0109BC3A1E8C63F80074C61C /* Alamofire.xcodeproj */;
				},
			);
			projectRoot = "";
			targets = (
				0104E0781E82E0BF00D36E6A /* WSUV-Twitter */,
			);
		};
/* End PBXProject section */

/* Begin PBXReferenceProxy section */
		0109BC461E8C63F80074C61C /* Alamofire.framework */ = {
			isa = PBXReferenceProxy;
			fileType = wrapper.framework;
			path = Alamofire.framework;
			remoteRef = 0109BC451E8C63F80074C61C /* PBXContainerItemProxy */;
			sourceTree = BUILT_PRODUCTS_DIR;
		};
		0109BC481E8C63F80074C61C /* Alamofire iOS Tests.xctest */ = {
			isa = PBXReferenceProxy;
			fileType = wrapper.cfbundle;
			path = "Alamofire iOS Tests.xctest";
			remoteRef = 0109BC471E8C63F80074C61C /* PBXContainerItemProxy */;
			sourceTree = BUILT_PRODUCTS_DIR;
		};
		0109BC4A1E8C63F80074C61C /* Alamofire.framework */ = {
			isa = PBXReferenceProxy;
			fileType = wrapper.framework;
			path = Alamofire.framework;
			remoteRef = 0109BC491E8C63F80074C61C /* PBXContainerItemProxy */;
			sourceTree = BUILT_PRODUCTS_DIR;
		};
		0109BC4C1E8C63F80074C61C /* Alamofire macOS Tests.xctest */ = {
			isa = PBXReferenceProxy;
			fileType = wrapper.cfbundle;
			path = "Alamofire macOS Tests.xctest";
			remoteRef = 0109BC4B1E8C63F80074C61C /* PBXContainerItemProxy */;
			sourceTree = BUILT_PRODUCTS_DIR;
		};
		0109BC4E1E8C63F80074C61C /* Alamofire.framework */ = {
			isa = PBXReferenceProxy;
			fileType = wrapper.framework;
			path = Alamofire.framework;
			remoteRef = 0109BC4D1E8C63F80074C61C /* PBXContainerItemProxy */;
			sourceTree = BUILT_PRODUCTS_DIR;
		};
		0109BC501E8C63F80074C61C /* Alamofire tvOS Tests.xctest */ = {
			isa = PBXReferenceProxy;
			fileType = wrapper.cfbundle;
			path = "Alamofire tvOS Tests.xctest";
			remoteRef = 0109BC4F1E8C63F80074C61C /* PBXContainerItemProxy */;
			sourceTree = BUILT_PRODUCTS_DIR;
		};
		0109BC521E8C63F80074C61C /* Alamofire.framework */ = {
			isa = PBXReferenceProxy;
			fileType = wrapper.framework;
			path = Alamofire.framework;
			remoteRef = 0109BC511E8C63F80074C61C /* PBXContainerItemProxy */;
			sourceTree = BUILT_PRODUCTS_DIR;
		};
/* End PBXReferenceProxy section */

/* Begin PBXResourcesBuildPhase section */
		0104E0771E82E0BF00D36E6A /* Resources */ = {
			isa = PBXResourcesBuildPhase;
			buildActionMask = 2147483647;
			files = (
				0104E0871E82E0BF00D36E6A /* LaunchScreen.storyboard in Resources */,
				0104E0841E82E0BF00D36E6A /* Assets.xcassets in Resources */,
				0104E0821E82E0BF00D36E6A /* Main.storyboard in Resources */,
			);
			runOnlyForDeploymentPostprocessing = 0;
		};
/* End PBXResourcesBuildPhase section */

/* Begin PBXSourcesBuildPhase section */
		0104E0751E82E0BF00D36E6A /* Sources */ = {
			isa = PBXSourcesBuildPhase;
			buildActionMask = 2147483647;
			files = (
				0109BC391E8C63990074C61C /* Tweet.swift in Sources */,
				0104E07D1E82E0BF00D36E6A /* AppDelegate.swift in Sources */,
				0100A32B1E84C323004E37B3 /* TweetsTableViewController.swift in Sources */,
				018623871E8C65AD000E3F6A /* AddTweetTableViewController.swift in Sources */,
			);
			runOnlyForDeploymentPostprocessing = 0;
		};
/* End PBXSourcesBuildPhase section */

/* Begin PBXTargetDependency section */
		0109BC561E8C64130074C61C /* PBXTargetDependency */ = {
			isa = PBXTargetDependency;
			name = "Alamofire iOS";
			targetProxy = 0109BC551E8C64130074C61C /* PBXContainerItemProxy */;
		};
/* End PBXTargetDependency section */

/* Begin PBXVariantGroup section */
		0104E0801E82E0BF00D36E6A /* Main.storyboard */ = {
			isa = PBXVariantGroup;
			children = (
				0104E0811E82E0BF00D36E6A /* Base */,
			);
			name = Main.storyboard;
			sourceTree = "<group>";
		};
		0104E0851E82E0BF00D36E6A /* LaunchScreen.storyboard */ = {
			isa = PBXVariantGroup;
			children = (
				0104E0861E82E0BF00D36E6A /* Base */,
			);
			name = LaunchScreen.storyboard;
			sourceTree = "<group>";
		};
/* End PBXVariantGroup section */

/* Begin XCBuildConfiguration section */
		0104E0891E82E0BF00D36E6A /* Debug */ = {
			isa = XCBuildConfiguration;
			buildSettings = {
				ALWAYS_SEARCH_USER_PATHS = NO;
				CLANG_ANALYZER_NONNULL = YES;
				CLANG_CXX_LANGUAGE_STANDARD = "gnu++0x";
				CLANG_CXX_LIBRARY = "libc++";
				CLANG_ENABLE_MODULES = YES;
				CLANG_ENABLE_OBJC_ARC = YES;
				CLANG_WARN_BOOL_CONVERSION = YES;
				CLANG_WARN_CONSTANT_CONVERSION = YES;
				CLANG_WARN_DIRECT_OBJC_ISA_USAGE = YES_ERROR;
				CLANG_WARN_DOCUMENTATION_COMMENTS = YES;
				CLANG_WARN_EMPTY_BODY = YES;
				CLANG_WARN_ENUM_CONVERSION = YES;
				CLANG_WARN_INFINITE_RECURSION = YES;
				CLANG_WARN_INT_CONVERSION = YES;
				CLANG_WARN_OBJC_ROOT_CLASS = YES_ERROR;
				CLANG_WARN_SUSPICIOUS_MOVE = YES;
				CLANG_WARN_UNREACHABLE_CODE = YES;
				CLANG_WARN__DUPLICATE_METHOD_MATCH = YES;
				"CODE_SIGN_IDENTITY[sdk=iphoneos*]" = "iPhone Developer";
				COPY_PHASE_STRIP = NO;
				DEBUG_INFORMATION_FORMAT = dwarf;
				ENABLE_STRICT_OBJC_MSGSEND = YES;
				ENABLE_TESTABILITY = YES;
				GCC_C_LANGUAGE_STANDARD = gnu99;
				GCC_DYNAMIC_NO_PIC = NO;
				GCC_NO_COMMON_BLOCKS = YES;
				GCC_OPTIMIZATION_LEVEL = 0;
				GCC_PREPROCESSOR_DEFINITIONS = (
					"DEBUG=1",
					"$(inherited)",
				);
				GCC_WARN_64_TO_32_BIT_CONVERSION = YES;
				GCC_WARN_ABOUT_RETURN_TYPE = YES_ERROR;
				GCC_WARN_UNDECLARED_SELECTOR = YES;
				GCC_WARN_UNINITIALIZED_AUTOS = YES_AGGRESSIVE;
				GCC_WARN_UNUSED_FUNCTION = YES;
				GCC_WARN_UNUSED_VARIABLE = YES;
				IPHONEOS_DEPLOYMENT_TARGET = 10.2;
				MTL_ENABLE_DEBUG_INFO = YES;
				ONLY_ACTIVE_ARCH = YES;
				SDKROOT = iphoneos;
				SWIFT_ACTIVE_COMPILATION_CONDITIONS = DEBUG;
				SWIFT_OPTIMIZATION_LEVEL = "-Onone";
				TARGETED_DEVICE_FAMILY = "1,2";
			};
			name = Debug;
		};
		0104E08A1E82E0BF00D36E6A /* Release */ = {
			isa = XCBuildConfiguration;
			buildSettings = {
				ALWAYS_SEARCH_USER_PATHS = NO;
				CLANG_ANALYZER_NONNULL = YES;
				CLANG_CXX_LANGUAGE_STANDARD = "gnu++0x";
				CLANG_CXX_LIBRARY = "libc++";
				CLANG_ENABLE_MODULES = YES;
				CLANG_ENABLE_OBJC_ARC = YES;
				CLANG_WARN_BOOL_CONVERSION = YES;
				CLANG_WARN_CONSTANT_CONVERSION = YES;
				CLANG_WARN_DIRECT_OBJC_ISA_USAGE = YES_ERROR;
				CLANG_WARN_DOCUMENTATION_COMMENTS = YES;
				CLANG_WARN_EMPTY_BODY = YES;
				CLANG_WARN_ENUM_CONVERSION = YES;
				CLANG_WARN_INFINITE_RECURSION = YES;
				CLANG_WARN_INT_CONVERSION = YES;
				CLANG_WARN_OBJC_ROOT_CLASS = YES_ERROR;
				CLANG_WARN_SUSPICIOUS_MOVE = YES;
				CLANG_WARN_UNREACHABLE_CODE = YES;
				CLANG_WARN__DUPLICATE_METHOD_MATCH = YES;
				"CODE_SIGN_IDENTITY[sdk=iphoneos*]" = "iPhone Developer";
				COPY_PHASE_STRIP = NO;
				DEBUG_INFORMATION_FORMAT = "dwarf-with-dsym";
				ENABLE_NS_ASSERTIONS = NO;
				ENABLE_STRICT_OBJC_MSGSEND = YES;
				GCC_C_LANGUAGE_STANDARD = gnu99;
				GCC_NO_COMMON_BLOCKS = YES;
				GCC_WARN_64_TO_32_BIT_CONVERSION = YES;
				GCC_WARN_ABOUT_RETURN_TYPE = YES_ERROR;
				GCC_WARN_UNDECLARED_SELECTOR = YES;
				GCC_WARN_UNINITIALIZED_AUTOS = YES_AGGRESSIVE;
				GCC_WARN_UNUSED_FUNCTION = YES;
				GCC_WARN_UNUSED_VARIABLE = YES;
				IPHONEOS_DEPLOYMENT_TARGET = 10.2;
				MTL_ENABLE_DEBUG_INFO = NO;
				SDKROOT = iphoneos;
				SWIFT_OPTIMIZATION_LEVEL = "-Owholemodule";
				TARGETED_DEVICE_FAMILY = "1,2";
				VALIDATE_PRODUCT = YES;
			};
			name = Release;
		};
		0104E08C1E82E0BF00D36E6A /* Debug */ = {
			isa = XCBuildConfiguration;
			buildSettings = {
				ALWAYS_EMBED_SWIFT_STANDARD_LIBRARIES = YES;
				ASSETCATALOG_COMPILER_APPICON_NAME = AppIcon;
				DEVELOPMENT_TEAM = 266548894Y;
				INFOPLIST_FILE = "WSUV-Twitter/Info.plist";
				IPHONEOS_DEPLOYMENT_TARGET = 10.2;
				LD_RUNPATH_SEARCH_PATHS = "$(inherited) @executable_path/Frameworks";
				PRODUCT_BUNDLE_IDENTIFIER = "alsenydiallo.WSUV-Twitter";
				PRODUCT_NAME = "$(TARGET_NAME)";
				SWIFT_VERSION = 3.0;
			};
			name = Debug;
		};
		0104E08D1E82E0BF00D36E6A /* Release */ = {
			isa = XCBuildConfiguration;
			buildSettings = {
				ALWAYS_EMBED_SWIFT_STANDARD_LIBRARIES = YES;
				ASSETCATALOG_COMPILER_APPICON_NAME = AppIcon;
				DEVELOPMENT_TEAM = 266548894Y;
				INFOPLIST_FILE = "WSUV-Twitter/Info.plist";
				IPHONEOS_DEPLOYMENT_TARGET = 10.2;
				LD_RUNPATH_SEARCH_PATHS = "$(inherited) @executable_path/Frameworks";
				PRODUCT_BUNDLE_IDENTIFIER = "alsenydiallo.WSUV-Twitter";
				PRODUCT_NAME = "$(TARGET_NAME)";
				SWIFT_VERSION = 3.0;
			};
			name = Release;
		};
/* End XCBuildConfiguration section */

/* Begin XCConfigurationList section */
		0104E0741E82E0BF00D36E6A /* Build configuration list for PBXProject "WSUV-Twitter" */ = {
			isa = XCConfigurationList;
			buildConfigurations = (
				0104E0891E82E0BF00D36E6A /* Debug */,
				0104E08A1E82E0BF00D36E6A /* Release */,
			);
			defaultConfigurationIsVisible = 0;
			defaultConfigurationName = Release;
		};
		0104E08B1E82E0BF00D36E6A /* Build configuration list for PBXNativeTarget "WSUV-Twitter" */ = {
			isa = XCConfigurationList;
			buildConfigurations = (
				0104E08C1E82E0BF00D36E6A /* Debug */,
				0104E08D1E82E0BF00D36E6A /* Release */,
			);
			defaultConfigurationIsVisible = 0;
			defaultConfigurationName = Release;
		};
/* End XCConfigurationList section */
	};
	rootObject = 0104E0711E82E0BF00D36E6A /* Project object */;
}
